
Microsoft Visual Studio Solution File, Format Version 12.00
Project("{FAE04EC0-301F-11D3-BF4B-00C04F79EFBC}") = "Seminar3", "Seminar3\Seminar3.csproj", "{2AF48810-63AA-4387-AE24-32DA8E5C0F44}"
EndProject
Global
	GlobalSection(SolutionConfigurationPlatforms) = preSolution
		Debug|Any CPU = Debug|Any CPU
		Release|Any CPU = Release|Any CPU
	EndGlobalSection
	GlobalSection(ProjectConfigurationPlatforms) = postSolution
		{2AF48810-63AA-4387-AE24-32DA8E5C0F44}.Debug|Any CPU.ActiveCfg = Debug|Any CPU
		{2AF48810-63AA-4387-AE24-32DA8E5C0F44}.Debug|Any CPU.Build.0 = Debug|Any CPU
		{2AF48810-63AA-4387-AE24-32DA8E5C0F44}.Release|Any CPU.ActiveCfg = Release|Any CPU
		{2AF48810-63AA-4387-AE24-32DA8E5C0F44}.Release|Any CPU.Build.0 = Release|Any CPU
	EndGlobalSection
EndGlobal
